<Project xmlns="http://schemas.microsoft.com/developer/msbuild/2003">
    <PropertyGroup>
        <ProjectGuid>{93ED5821-C88F-42F8-984B-1138821AA4D7}</ProjectGuid>
        <ProjectVersion>20.1</ProjectVersion>
        <FrameworkType>FMX</FrameworkType>
        <MainSource>WorbyRepApp.dpr</MainSource>
        <Base>True</Base>
        <Config Condition="'$(Config)'==''">Debug</Config>
        <Platform Condition="'$(Platform)'==''">Win32</Platform>
        <TargetedPlatforms>71</TargetedPlatforms>
        <AppType>Application</AppType>
        <ProjectName Condition="'$(ProjectName)'==''">WorbyRepApp</ProjectName>
    </PropertyGroup>
    <PropertyGroup Condition="'$(Config)'=='Base' or '$(Base)'!=''">
        <Base>true</Base>
    </PropertyGroup>
    <PropertyGroup Condition="('$(Platform)'=='Android64' and '$(Base)'=='true') or '$(Base_Android64)'!=''">
        <Base_Android64>true</Base_Android64>
        <CfgParent>Base</CfgParent>
        <Base>true</Base>
    </PropertyGroup>
    <PropertyGroup Condition="('$(Platform)'=='Android32' and '$(Base)'=='true') or '$(Base_Android32)'!=''">
        <Base_Android32>true</Base_Android32>
        <CfgParent>Base</CfgParent>
        <Base>true</Base>
    </PropertyGroup>
    <PropertyGroup Condition="('$(Platform)'=='Win32' and '$(Base)'=='true') or '$(Base_Win32)'!=''">
        <Base_Win32>true</Base_Win32>
        <CfgParent>Base</CfgParent>
        <Base>true</Base>
    </PropertyGroup>
    <PropertyGroup Condition="('$(Platform)'=='Win64' and '$(Base)'=='true') or '$(Base_Win64)'!=''">
        <Base_Win64>true</Base_Win64>
        <CfgParent>Base</CfgParent>
        <Base>true</Base>
    </PropertyGroup>
    <PropertyGroup Condition="'$(Config)'=='Debug' or '$(Cfg_1)'!=''">
        <Cfg_1>true</Cfg_1>
        <CfgParent>Base</CfgParent>
        <Base>true</Base>
    </PropertyGroup>
    <PropertyGroup Condition="('$(Platform)'=='Android64' and '$(Cfg_1)'=='true') or '$(Cfg_1_Android64)'!=''">
        <Cfg_1_Android64>true</Cfg_1_Android64>
        <CfgParent>Cfg_1</CfgParent>
        <Cfg_1>true</Cfg_1>
        <Base>true</Base>
    </PropertyGroup>
    <PropertyGroup Condition="('$(Platform)'=='Android32' and '$(Cfg_1)'=='true') or '$(Cfg_1_Android32)'!=''">
        <Cfg_1_Android32>true</Cfg_1_Android32>
        <CfgParent>Cfg_1</CfgParent>
        <Cfg_1>true</Cfg_1>
        <Base>true</Base>
    </PropertyGroup>
    <PropertyGroup Condition="('$(Platform)'=='Win32' and '$(Cfg_1)'=='true') or '$(Cfg_1_Win32)'!=''">
        <Cfg_1_Win32>true</Cfg_1_Win32>
        <CfgParent>Cfg_1</CfgParent>
        <Cfg_1>true</Cfg_1>
        <Base>true</Base>
    </PropertyGroup>
    <PropertyGroup Condition="('$(Platform)'=='Win64' and '$(Cfg_1)'=='true') or '$(Cfg_1_Win64)'!=''">
        <Cfg_1_Win64>true</Cfg_1_Win64>
        <CfgParent>Cfg_1</CfgParent>
        <Cfg_1>true</Cfg_1>
        <Base>true</Base>
    </PropertyGroup>
    <PropertyGroup Condition="'$(Config)'=='Release' or '$(Cfg_2)'!=''">
        <Cfg_2>true</Cfg_2>
        <CfgParent>Base</CfgParent>
        <Base>true</Base>
    </PropertyGroup>
    <PropertyGroup Condition="('$(Platform)'=='Android64' and '$(Cfg_2)'=='true') or '$(Cfg_2_Android64)'!=''">
        <Cfg_2_Android64>true</Cfg_2_Android64>
        <CfgParent>Cfg_2</CfgParent>
        <Cfg_2>true</Cfg_2>
        <Base>true</Base>
    </PropertyGroup>
    <PropertyGroup Condition="('$(Platform)'=='Android32' and '$(Cfg_2)'=='true') or '$(Cfg_2_Android32)'!=''">
        <Cfg_2_Android32>true</Cfg_2_Android32>
        <CfgParent>Cfg_2</CfgParent>
        <Cfg_2>true</Cfg_2>
        <Base>true</Base>
    </PropertyGroup>
    <PropertyGroup Condition="('$(Platform)'=='Win32' and '$(Cfg_2)'=='true') or '$(Cfg_2_Win32)'!=''">
        <Cfg_2_Win32>true</Cfg_2_Win32>
        <CfgParent>Cfg_2</CfgParent>
        <Cfg_2>true</Cfg_2>
        <Base>true</Base>
    </PropertyGroup>
    <PropertyGroup Condition="('$(Platform)'=='Win64' and '$(Cfg_2)'=='true') or '$(Cfg_2_Win64)'!=''">
        <Cfg_2_Win64>true</Cfg_2_Win64>
        <CfgParent>Cfg_2</CfgParent>
        <Cfg_2>true</Cfg_2>
        <Base>true</Base>
    </PropertyGroup>
    <PropertyGroup Condition="'$(Base)'!=''">
        <DCC_DcuOutput>.\$(Platform)\$(Config)</DCC_DcuOutput>
        <DCC_ExeOutput>.\$(Platform)\$(Config)</DCC_ExeOutput>
        <DCC_E>false</DCC_E>
        <DCC_N>false</DCC_N>
        <DCC_S>false</DCC_S>
        <DCC_F>false</DCC_F>
        <DCC_K>false</DCC_K>
        <DCC_Namespace>System;Xml;Data;Datasnap;Web;Soap;$(DCC_Namespace)</DCC_Namespace>
        <SanitizedProjectName>WorbyRepApp</SanitizedProjectName>
        <AUP_INTERNET>true</AUP_INTERNET>
        <VerInfo_MajorVer>1</VerInfo_MajorVer>
        <VerInfo_MinorVer>0</VerInfo_MinorVer>
        <VerInfo_Release>0</VerInfo_Release>
        <VerInfo_Build>0</VerInfo_Build>
        <VerInfo_ProductVersion>1.0.0.0</VerInfo_ProductVersion>
        <VerInfo_FileVersion>1.0.0.0</VerInfo_FileVersion>
        <VerInfo_IncludeVerInfo>true</VerInfo_IncludeVerInfo>
        <VerInfo_Keys>package=com.tomasi.worbyrep;label=$(MSBuildProjectName);versionCode=1;versionName=1.0.0;minSdkVersion=23;targetSdkVersion=34;installLocation=auto</VerInfo_Keys>
    </PropertyGroup>
    <PropertyGroup Condition="'$(Base_Android64)'!=''">
        <DCC_UsePackage>fmx;FireDAC;FireDACCommon;FireDACCommonDriver;FireDACSqliteDriver;fmxFireDAC;RESTComponents;RESTBackendComponents;IndyCore;IndyProtocols;IndyIPCommon;IndyIPClient;IndySystem;$(DCC_UsePackage)</DCC_UsePackage>
        <VerInfo_Keys>package=com.embarcadero.$(MSBuildProjectName);label=$(MSBuildProjectName);versionCode=1;versionName=1.0.0;minSdkVersion=24;targetSdkVersion=35;installLocation=auto</VerInfo_Keys>
        <VerInfo_IncludeVerInfo>true</VerInfo_IncludeVerInfo>
    </PropertyGroup>
    <PropertyGroup Condition="'$(Base_Android32)'!=''">
        <DCC_UsePackage>fmx;FireDAC;FireDACCommon;FireDACCommonDriver;FireDACSqliteDriver;fmxFireDAC;RESTComponents;RESTBackendComponents;IndyCore;IndyProtocols;IndyIPCommon;IndyIPClient;IndySystem;$(DCC_UsePackage)</DCC_UsePackage>
        <VerInfo_Keys>package=com.tomasi.worbyrep;label=$(MSBuildProjectName);versionCode=1;versionName=1.0.0;minSdkVersion=24;targetSdkVersion=35;installLocation=auto</VerInfo_Keys>
        <VerInfo_IncludeVerInfo>true</VerInfo_IncludeVerInfo>
    </PropertyGroup>
    <PropertyGroup Condition="'$(Base_Win32)'!=''">
        <DCC_UsePackage>fmx;FireDAC;FireDACCommon;FireDACCommonDriver;FireDACSqliteDriver;fmxFireDAC;RESTComponents;RESTBackendComponents;$(DCC_UsePackage)</DCC_UsePackage>
    </PropertyGroup>
    <PropertyGroup Condition="'$(Base_Win64)'!=''">
        <DCC_UsePackage>fmx;FireDAC;FireDACCommon;FireDACCommonDriver;FireDACSqliteDriver;fmxFireDAC;RESTComponents;RESTBackendComponents;$(DCC_UsePackage)</DCC_UsePackage>
    </PropertyGroup>
    <ItemGroup>
        <DelphiCompile Include="$(MainSource)">
            <MainSource>MainSource</MainSource>
        </DelphiCompile>
        <DCCReference Include="unLogin.pas">
            <Form>frmLogin</Form>
            <FormType>fmx</FormType>
        </DCCReference>
        <DCCReference Include="unPrincipal.pas">
            <Form>frmPrincipal</Form>
            <FormType>fmx</FormType>
        </DCCReference>
        <DCCReference Include="unClientes.pas">
            <Form>frmClientes</Form>
            <FormType>fmx</FormType>
        </DCCReference>
        <DCCReference Include="unClienteDetalhe.pas">
            <Form>frmClienteDetalhe</Form>
            <FormType>fmx</FormType>
        </DCCReference>
        <DCCReference Include="unSync.pas">
            <Form>frmSync</Form>
            <FormType>fmx</FormType>
        </DCCReference>
        <DCCReference Include="unPedido.pas">
            <Form>frmPedido</Form>
            <FormType>fmx</FormType>
        </DCCReference>
        <DCCReference Include="unPedidoItem.pas">
            <Form>frmPedidoItem</Form>
            <FormType>fmx</FormType>
        </DCCReference>
        <DCCReference Include="unDMApp.pas">
            <Form>dmApp</Form>
            <FormType>dfm</FormType>
            <DesignClass>TDataModule</DesignClass>
        </DCCReference>
    </ItemGroup>
    <ProjectExtensions>
        <Borland.Personality>Delphi.Personality.12</Borland.Personality>
        <Borland.ProjectType>Application</Borland.ProjectType>
        <BorlandProject>
            <Platforms>
                <Platform value="Android32">True</Platform>
                <Platform value="Android64">True</Platform>
                <Platform value="Win32">True</Platform>
                <Platform value="Win64">True</Platform>
            </Platforms>
        </BorlandProject>
        <ProjectFileVersion>12</ProjectFileVersion>
    </ProjectExtensions>
    <Import Project="$(BDS)\Bin\CodeGear.Delphi.Targets" Condition="Exists('$(BDS)\Bin\CodeGear.Delphi.Targets')"/>
</Project>
